
Microsoft Visual Studio Solution File, Format Version 12.00
# Visual Studio Version 16
VisualStudioVersion = 16.0.30621.155
MinimumVisualStudioVersion = 10.0.40219.1
Project("{9A19103F-16F7-4668-BE54-9A1E7A4F7556}") = "1", "1\1.csproj", "{75171634-75C7-4925-B964-06026770EC2F}"
EndProject
Global
	GlobalSection(SolutionConfigurationPlatforms) = preSolution
		Debug|Any CPU = Debug|Any CPU
		Release|Any CPU = Release|Any CPU
	EndGlobalSection
	GlobalSection(ProjectConfigurationPlatforms) = postSolution
		{75171634-75C7-4925-B964-06026770EC2F}.Debug|Any CPU.ActiveCfg = Debug|Any CPU
		{75171634-75C7-4925-B964-06026770EC2F}.Debug|Any CPU.Build.0 = Debug|Any CPU
		{75171634-75C7-4925-B964-06026770EC2F}.Release|Any CPU.ActiveCfg = Release|Any CPU
		{75171634-75C7-4925-B964-06026770EC2F}.Release|Any CPU.Build.0 = Release|Any CPU
	EndGlobalSection
	GlobalSection(SolutionProperties) = preSolution
		HideSolutionNode = FALSE
	EndGlobalSection
	GlobalSection(ExtensibilityGlobals) = postSolution
		SolutionGuid = {F6A300C7-5018-426B-9E7C-B8737BED4B10}
	EndGlobalSection
EndGlobal
